
Microsoft Visual Studio Solution File, Format Version 12.00
# Visual Studio Version 17
VisualStudioVersion = 17.1.32328.378
MinimumVisualStudioVersion = 10.0.40219.1
Project("{9A19103F-16F7-4668-BE54-9A1E7A4F7556}") = "WinService.NetCore", "WinService.NetCore\WinService.NetCore.csproj", "{D131C5E1-3AF5-4F94-B965-3ED0516A3801}"
EndProject
Project("{9A19103F-16F7-4668-BE54-9A1E7A4F7556}") = "WinService.NetCore.Application", "WinService.NetCore.Application\WinService.NetCore.Application.csproj", "{FE00F1EF-1DE1-4873-AFDD-F447B7CC74E6}"
EndProject
Project("{9A19103F-16F7-4668-BE54-9A1E7A4F7556}") = "WinService.NetCore.Core", "WinService.NetCore.Core\WinService.NetCore.Core.csproj", "{4461DB61-6C71-42EA-ACFE-BE5D7B3D777A}"
EndProject
Project("{9A19103F-16F7-4668-BE54-9A1E7A4F7556}") = "WinService.NetCore.Email", "WinService.NetCore.Email\WinService.NetCore.Email.csproj", "{74EFAB78-C5F4-495F-B9FA-6C3131C5A62B}"
EndProject
Project("{2150E333-8FDC-42A3-9474-1A3956D46DE8}") = "Solution Items", "Solution Items", "{DDB0A990-F295-48D8-9645-468853DEBF85}"
	ProjectSection(SolutionItems) = preProject
		project.ruleset = project.ruleset
		..\README.md = ..\README.md
	EndProjectSection
EndProject
Global
	GlobalSection(SolutionConfigurationPlatforms) = preSolution
		Debug|Any CPU = Debug|Any CPU
		Release|Any CPU = Release|Any CPU
	EndGlobalSection
	GlobalSection(ProjectConfigurationPlatforms) = postSolution
		{D131C5E1-3AF5-4F94-B965-3ED0516A3801}.Debug|Any CPU.ActiveCfg = Debug|Any CPU
		{D131C5E1-3AF5-4F94-B965-3ED0516A3801}.Debug|Any CPU.Build.0 = Debug|Any CPU
		{D131C5E1-3AF5-4F94-B965-3ED0516A3801}.Release|Any CPU.ActiveCfg = Release|Any CPU
		{D131C5E1-3AF5-4F94-B965-3ED0516A3801}.Release|Any CPU.Build.0 = Release|Any CPU
		{FE00F1EF-1DE1-4873-AFDD-F447B7CC74E6}.Debug|Any CPU.ActiveCfg = Debug|Any CPU
		{FE00F1EF-1DE1-4873-AFDD-F447B7CC74E6}.Debug|Any CPU.Build.0 = Debug|Any CPU
		{FE00F1EF-1DE1-4873-AFDD-F447B7CC74E6}.Release|Any CPU.ActiveCfg = Release|Any CPU
		{FE00F1EF-1DE1-4873-AFDD-F447B7CC74E6}.Release|Any CPU.Build.0 = Release|Any CPU
		{4461DB61-6C71-42EA-ACFE-BE5D7B3D777A}.Debug|Any CPU.ActiveCfg = Debug|Any CPU
		{4461DB61-6C71-42EA-ACFE-BE5D7B3D777A}.Debug|Any CPU.Build.0 = Debug|Any CPU
		{4461DB61-6C71-42EA-ACFE-BE5D7B3D777A}.Release|Any CPU.ActiveCfg = Release|Any CPU
		{4461DB61-6C71-42EA-ACFE-BE5D7B3D777A}.Release|Any CPU.Build.0 = Release|Any CPU
		{74EFAB78-C5F4-495F-B9FA-6C3131C5A62B}.Debug|Any CPU.ActiveCfg = Debug|Any CPU
		{74EFAB78-C5F4-495F-B9FA-6C3131C5A62B}.Debug|Any CPU.Build.0 = Debug|Any CPU
		{74EFAB78-C5F4-495F-B9FA-6C3131C5A62B}.Release|Any CPU.ActiveCfg = Release|Any CPU
		{74EFAB78-C5F4-495F-B9FA-6C3131C5A62B}.Release|Any CPU.Build.0 = Release|Any CPU
	EndGlobalSection
	GlobalSection(SolutionProperties) = preSolution
		HideSolutionNode = FALSE
	EndGlobalSection
	GlobalSection(ExtensibilityGlobals) = postSolution
		SolutionGuid = {F4D9A72E-EAAC-4A7D-B980-870DF5DDFC69}
	EndGlobalSection
EndGlobal
